
Microsoft Visual Studio Solution File, Format Version 12.00
# Visual Studio Version 17
VisualStudioVersion = 17.7.34221.43
MinimumVisualStudioVersion = 10.0.40219.1
Project("{FAE04EC0-301F-11D3-BF4B-00C04F79EFBC}") = "Assignment-13", "Assignment-13\Assignment-13.csproj", "{FDBC4FBB-249B-42EE-A512-37698AFE91F8}"
EndProject
Global
	GlobalSection(SolutionConfigurationPlatforms) = preSolution
		Debug|Any CPU = Debug|Any CPU
		Release|Any CPU = Release|Any CPU
	EndGlobalSection
	GlobalSection(ProjectConfigurationPlatforms) = postSolution
		{FDBC4FBB-249B-42EE-A512-37698AFE91F8}.Debug|Any CPU.ActiveCfg = Debug|Any CPU
		{FDBC4FBB-249B-42EE-A512-37698AFE91F8}.Debug|Any CPU.Build.0 = Debug|Any CPU
		{FDBC4FBB-249B-42EE-A512-37698AFE91F8}.Release|Any CPU.ActiveCfg = Release|Any CPU
		{FDBC4FBB-249B-42EE-A512-37698AFE91F8}.Release|Any CPU.Build.0 = Release|Any CPU
	EndGlobalSection
	GlobalSection(SolutionProperties) = preSolution
		HideSolutionNode = FALSE
	EndGlobalSection
	GlobalSection(ExtensibilityGlobals) = postSolution
		SolutionGuid = {D838445D-8DC6-4DB6-9B55-628F97EB4A62}
	EndGlobalSection
EndGlobal
